// !$*UTF8*$!
{
	archiveVersion = 1;
	classes = {
	};
	objectVersion = 56;
	objects = {

/* Begin PBXBuildFile section */
		B24264842C3EE3D200DE8F47 /* AppDelegate.swift in Sources */ = {isa = PBXBuildFile; fileRef = B24264832C3EE3D200DE8F47 /* AppDelegate.swift */; };
		B242648D2C3EE3D300DE8F47 /* Assets.xcassets in Resources */ = {isa = PBXBuildFile; fileRef = B242648C2C3EE3D300DE8F47 /* Assets.xcassets */; };
		B24264902C3EE3D300DE8F47 /* Base in Resources */ = {isa = PBXBuildFile; fileRef = B242648F2C3EE3D300DE8F47 /* Base */; };
		B24264A52C3EE3D300DE8F47 /* MovieDBUITests.swift in Sources */ = {isa = PBXBuildFile; fileRef = B24264A42C3EE3D300DE8F47 /* MovieDBUITests.swift */; };
		B24264A72C3EE3D300DE8F47 /* MovieDBUITestsLaunchTests.swift in Sources */ = {isa = PBXBuildFile; fileRef = B24264A62C3EE3D300DE8F47 /* MovieDBUITestsLaunchTests.swift */; };
		B24264B62C3EE47100DE8F47 /* Swinject in Frameworks */ = {isa = PBXBuildFile; productRef = B24264B52C3EE47100DE8F47 /* Swinject */; };
		B24264BC2C3EEDED00DE8F47 /* AppCoordinator.swift in Sources */ = {isa = PBXBuildFile; fileRef = B24264BB2C3EEDED00DE8F47 /* AppCoordinator.swift */; };
		B24264BF2C3EEEB700DE8F47 /* MovieDBService.swift in Sources */ = {isa = PBXBuildFile; fileRef = B24264BE2C3EEEB700DE8F47 /* MovieDBService.swift */; };
		B24264C12C3EF04A00DE8F47 /* Movie.swift in Sources */ = {isa = PBXBuildFile; fileRef = B24264C02C3EF04A00DE8F47 /* Movie.swift */; };
		B24264C32C3EF17C00DE8F47 /* Storyboardable.swift in Sources */ = {isa = PBXBuildFile; fileRef = B24264C22C3EF17C00DE8F47 /* Storyboardable.swift */; };
		B24264C72C3EF38600DE8F47 /* MovieListViewController.storyboard in Resources */ = {isa = PBXBuildFile; fileRef = B24264C62C3EF38600DE8F47 /* MovieListViewController.storyboard */; };
		B24264C92C3EF3CB00DE8F47 /* MovieListViewController.swift in Sources */ = {isa = PBXBuildFile; fileRef = B24264C82C3EF3CB00DE8F47 /* MovieListViewController.swift */; };
		B24264CB2C3EF47300DE8F47 /* MovieListViewModel.swift in Sources */ = {isa = PBXBuildFile; fileRef = B24264CA2C3EF47300DE8F47 /* MovieListViewModel.swift */; };
		B24264CD2C3EFE0800DE8F47 /* MovieListCollectionViewCell.swift in Sources */ = {isa = PBXBuildFile; fileRef = B24264CC2C3EFE0800DE8F47 /* MovieListCollectionViewCell.swift */; };
		B24264D02C3F001500DE8F47 /* TMDBEndpoint.swift in Sources */ = {isa = PBXBuildFile; fileRef = B24264CF2C3F001500DE8F47 /* TMDBEndpoint.swift */; };
		B24264D32C3F16F000DE8F47 /* Coordinator.swift in Sources */ = {isa = PBXBuildFile; fileRef = B24264D22C3F16F000DE8F47 /* Coordinator.swift */; };
		B24264D52C3F1D9700DE8F47 /* MovieDBServiceTests.swift in Sources */ = {isa = PBXBuildFile; fileRef = B24264D42C3F1D9700DE8F47 /* MovieDBServiceTests.swift */; };
		B24264D72C3F201000DE8F47 /* MoviesResponse.swift in Sources */ = {isa = PBXBuildFile; fileRef = B24264D62C3F201000DE8F47 /* MoviesResponse.swift */; };
		B24264DB2C3FE49600DE8F47 /* MovieDetailsViewController.storyboard in Resources */ = {isa = PBXBuildFile; fileRef = B24264DA2C3FE49600DE8F47 /* MovieDetailsViewController.storyboard */; };
		B24264DD2C3FE4AE00DE8F47 /* MovieDetailsViewController.swift in Sources */ = {isa = PBXBuildFile; fileRef = B24264DC2C3FE4AE00DE8F47 /* MovieDetailsViewController.swift */; };
		B24264DF2C3FEBE900DE8F47 /* MovieDetailsViewModel.swift in Sources */ = {isa = PBXBuildFile; fileRef = B24264DE2C3FEBE900DE8F47 /* MovieDetailsViewModel.swift */; };
		B24264E22C3FF96100DE8F47 /* SDWebImage in Frameworks */ = {isa = PBXBuildFile; productRef = B24264E12C3FF96100DE8F47 /* SDWebImage */; };
		B24264E52C400DA800DE8F47 /* LocalStorageService.swift in Sources */ = {isa = PBXBuildFile; fileRef = B24264E42C400DA800DE8F47 /* LocalStorageService.swift */; };
		B24264E72C4020B700DE8F47 /* MovieModel.swift in Sources */ = {isa = PBXBuildFile; fileRef = B24264E62C4020B700DE8F47 /* MovieModel.swift */; };
		B24264E92C40366500DE8F47 /* MovieListViewController+ResultsUpdate.swift in Sources */ = {isa = PBXBuildFile; fileRef = B24264E82C40366500DE8F47 /* MovieListViewController+ResultsUpdate.swift */; };
		B24264EB2C40622900DE8F47 /* MovieListViewModelTests.swift in Sources */ = {isa = PBXBuildFile; fileRef = B24264EA2C40622900DE8F47 /* MovieListViewModelTests.swift */; };
		B24264ED2C40808D00DE8F47 /* MovieDetailsViewModelTests.swift in Sources */ = {isa = PBXBuildFile; fileRef = B24264EC2C40808D00DE8F47 /* MovieDetailsViewModelTests.swift */; };
		B24264EF2C40834500DE8F47 /* LocalStorageServiceTests.swift in Sources */ = {isa = PBXBuildFile; fileRef = B24264EE2C40834500DE8F47 /* LocalStorageServiceTests.swift */; };
		B24264F12C41425C00DE8F47 /* AppCoordinatorTests.swift in Sources */ = {isa = PBXBuildFile; fileRef = B24264F02C41425C00DE8F47 /* AppCoordinatorTests.swift */; };
/* End PBXBuildFile section */

/* Begin PBXContainerItemProxy section */
		B24264972C3EE3D300DE8F47 /* PBXContainerItemProxy */ = {
			isa = PBXContainerItemProxy;
			containerPortal = B24264782C3EE3D200DE8F47 /* Project object */;
			proxyType = 1;
			remoteGlobalIDString = B242647F2C3EE3D200DE8F47;
			remoteInfo = MovieDB;
		};
		B24264A12C3EE3D300DE8F47 /* PBXContainerItemProxy */ = {
			isa = PBXContainerItemProxy;
			containerPortal = B24264782C3EE3D200DE8F47 /* Project object */;
			proxyType = 1;
			remoteGlobalIDString = B242647F2C3EE3D200DE8F47;
			remoteInfo = MovieDB;
		};
/* End PBXContainerItemProxy section */

/* Begin PBXFileReference section */
		B24264802C3EE3D200DE8F47 /* MovieDB.app */ = {isa = PBXFileReference; explicitFileType = wrapper.application; includeInIndex = 0; path = MovieDB.app; sourceTree = BUILT_PRODUCTS_DIR; };
		B24264832C3EE3D200DE8F47 /* AppDelegate.swift */ = {isa = PBXFileReference; lastKnownFileType = sourcecode.swift; path = AppDelegate.swift; sourceTree = "<group>"; };
		B242648C2C3EE3D300DE8F47 /* Assets.xcassets */ = {isa = PBXFileReference; lastKnownFileType = folder.assetcatalog; path = Assets.xcassets; sourceTree = "<group>"; };
		B242648F2C3EE3D300DE8F47 /* Base */ = {isa = PBXFileReference; lastKnownFileType = file.storyboard; name = Base; path = Base.lproj/LaunchScreen.storyboard; sourceTree = "<group>"; };
		B24264912C3EE3D300DE8F47 /* Info.plist */ = {isa = PBXFileReference; lastKnownFileType = text.plist.xml; path = Info.plist; sourceTree = "<group>"; };
		B24264962C3EE3D300DE8F47 /* MovieDBTests.xctest */ = {isa = PBXFileReference; explicitFileType = wrapper.cfbundle; includeInIndex = 0; path = MovieDBTests.xctest; sourceTree = BUILT_PRODUCTS_DIR; };
		B24264A02C3EE3D300DE8F47 /* MovieDBUITests.xctest */ = {isa = PBXFileReference; explicitFileType = wrapper.cfbundle; includeInIndex = 0; path = MovieDBUITests.xctest; sourceTree = BUILT_PRODUCTS_DIR; };
		B24264A42C3EE3D300DE8F47 /* MovieDBUITests.swift */ = {isa = PBXFileReference; lastKnownFileType = sourcecode.swift; path = MovieDBUITests.swift; sourceTree = "<group>"; };
		B24264A62C3EE3D300DE8F47 /* MovieDBUITestsLaunchTests.swift */ = {isa = PBXFileReference; lastKnownFileType = sourcecode.swift; path = MovieDBUITestsLaunchTests.swift; sourceTree = "<group>"; };
		B24264B32C3EE41800DE8F47 /* MovieDB.xctestplan */ = {isa = PBXFileReference; lastKnownFileType = text; path = MovieDB.xctestplan; sourceTree = "<group>"; };
		B24264BB2C3EEDED00DE8F47 /* AppCoordinator.swift */ = {isa = PBXFileReference; lastKnownFileType = sourcecode.swift; path = AppCoordinator.swift; sourceTree = "<group>"; };
		B24264BE2C3EEEB700DE8F47 /* MovieDBService.swift */ = {isa = PBXFileReference; lastKnownFileType = sourcecode.swift; path = MovieDBService.swift; sourceTree = "<group>"; };
		B24264C02C3EF04A00DE8F47 /* Movie.swift */ = {isa = PBXFileReference; lastKnownFileType = sourcecode.swift; path = Movie.swift; sourceTree = "<group>"; };
		B24264C22C3EF17C00DE8F47 /* Storyboardable.swift */ = {isa = PBXFileReference; lastKnownFileType = sourcecode.swift; path = Storyboardable.swift; sourceTree = "<group>"; };
		B24264C62C3EF38600DE8F47 /* MovieListViewController.storyboard */ = {isa = PBXFileReference; lastKnownFileType = file.storyboard; path = MovieListViewController.storyboard; sourceTree = "<group>"; };
		B24264C82C3EF3CB00DE8F47 /* MovieListViewController.swift */ = {isa = PBXFileReference; lastKnownFileType = sourcecode.swift; path = MovieListViewController.swift; sourceTree = "<group>"; };
		B24264CA2C3EF47300DE8F47 /* MovieListViewModel.swift */ = {isa = PBXFileReference; lastKnownFileType = sourcecode.swift; path = MovieListViewModel.swift; sourceTree = "<group>"; };
		B24264CC2C3EFE0800DE8F47 /* MovieListCollectionViewCell.swift */ = {isa = PBXFileReference; lastKnownFileType = sourcecode.swift; path = MovieListCollectionViewCell.swift; sourceTree = "<group>"; };
		B24264CF2C3F001500DE8F47 /* TMDBEndpoint.swift */ = {isa = PBXFileReference; lastKnownFileType = sourcecode.swift; path = TMDBEndpoint.swift; sourceTree = "<group>"; };
		B24264D22C3F16F000DE8F47 /* Coordinator.swift */ = {isa = PBXFileReference; lastKnownFileType = sourcecode.swift; path = Coordinator.swift; sourceTree = "<group>"; };
		B24264D42C3F1D9700DE8F47 /* MovieDBServiceTests.swift */ = {isa = PBXFileReference; lastKnownFileType = sourcecode.swift; path = MovieDBServiceTests.swift; sourceTree = "<group>"; };
		B24264D62C3F201000DE8F47 /* MoviesResponse.swift */ = {isa = PBXFileReference; lastKnownFileType = sourcecode.swift; path = MoviesResponse.swift; sourceTree = "<group>"; };
		B24264DA2C3FE49600DE8F47 /* MovieDetailsViewController.storyboard */ = {isa = PBXFileReference; lastKnownFileType = file.storyboard; path = MovieDetailsViewController.storyboard; sourceTree = "<group>"; };
		B24264DC2C3FE4AE00DE8F47 /* MovieDetailsViewController.swift */ = {isa = PBXFileReference; lastKnownFileType = sourcecode.swift; path = MovieDetailsViewController.swift; sourceTree = "<group>"; };
		B24264DE2C3FEBE900DE8F47 /* MovieDetailsViewModel.swift */ = {isa = PBXFileReference; lastKnownFileType = sourcecode.swift; path = MovieDetailsViewModel.swift; sourceTree = "<group>"; };
		B24264E42C400DA800DE8F47 /* LocalStorageService.swift */ = {isa = PBXFileReference; lastKnownFileType = sourcecode.swift; path = LocalStorageService.swift; sourceTree = "<group>"; };
		B24264E62C4020B700DE8F47 /* MovieModel.swift */ = {isa = PBXFileReference; lastKnownFileType = sourcecode.swift; path = MovieModel.swift; sourceTree = "<group>"; };
		B24264E82C40366500DE8F47 /* MovieListViewController+ResultsUpdate.swift */ = {isa = PBXFileReference; lastKnownFileType = sourcecode.swift; path = "MovieListViewController+ResultsUpdate.swift"; sourceTree = "<group>"; };
		B24264EA2C40622900DE8F47 /* MovieListViewModelTests.swift */ = {isa = PBXFileReference; lastKnownFileType = sourcecode.swift; path = MovieListViewModelTests.swift; sourceTree = "<group>"; };
		B24264EC2C40808D00DE8F47 /* MovieDetailsViewModelTests.swift */ = {isa = PBXFileReference; lastKnownFileType = sourcecode.swift; path = MovieDetailsViewModelTests.swift; sourceTree = "<group>"; };
		B24264EE2C40834500DE8F47 /* LocalStorageServiceTests.swift */ = {isa = PBXFileReference; lastKnownFileType = sourcecode.swift; path = LocalStorageServiceTests.swift; sourceTree = "<group>"; };
		B24264F02C41425C00DE8F47 /* AppCoordinatorTests.swift */ = {isa = PBXFileReference; lastKnownFileType = sourcecode.swift; path = AppCoordinatorTests.swift; sourceTree = "<group>"; };
/* End PBXFileReference section */

/* Begin PBXFrameworksBuildPhase section */
		B242647D2C3EE3D200DE8F47 /* Frameworks */ = {
			isa = PBXFrameworksBuildPhase;
			buildActionMask = 2147483647;
			files = (
				B24264E22C3FF96100DE8F47 /* SDWebImage in Frameworks */,
				B24264B62C3EE47100DE8F47 /* Swinject in Frameworks */,
			);
			runOnlyForDeploymentPostprocessing = 0;
		};
		B24264932C3EE3D300DE8F47 /* Frameworks */ = {
			isa = PBXFrameworksBuildPhase;
			buildActionMask = 2147483647;
			files = (
			);
			runOnlyForDeploymentPostprocessing = 0;
		};
		B242649D2C3EE3D300DE8F47 /* Frameworks */ = {
			isa = PBXFrameworksBuildPhase;
			buildActionMask = 2147483647;
			files = (
			);
			runOnlyForDeploymentPostprocessing = 0;
		};
/* End PBXFrameworksBuildPhase section */

/* Begin PBXGroup section */
		B24264772C3EE3D200DE8F47 = {
			isa = PBXGroup;
			children = (
				B24264B32C3EE41800DE8F47 /* MovieDB.xctestplan */,
				B24264822C3EE3D200DE8F47 /* MovieDB */,
				B24264992C3EE3D300DE8F47 /* MovieDBTests */,
				B24264A32C3EE3D300DE8F47 /* MovieDBUITests */,
				B24264812C3EE3D200DE8F47 /* Products */,
			);
			sourceTree = "<group>";
		};
		B24264812C3EE3D200DE8F47 /* Products */ = {
			isa = PBXGroup;
			children = (
				B24264802C3EE3D200DE8F47 /* MovieDB.app */,
				B24264962C3EE3D300DE8F47 /* MovieDBTests.xctest */,
				B24264A02C3EE3D300DE8F47 /* MovieDBUITests.xctest */,
			);
			name = Products;
			sourceTree = "<group>";
		};
		B24264822C3EE3D200DE8F47 /* MovieDB */ = {
			isa = PBXGroup;
			children = (
				B24264BA2C3EEB9C00DE8F47 /* Core */,
				B24264912C3EE3D300DE8F47 /* Info.plist */,
				B24264B72C3EEB3000DE8F47 /* Modules */,
			);
			path = MovieDB;
			sourceTree = "<group>";
		};
		B24264992C3EE3D300DE8F47 /* MovieDBTests */ = {
			isa = PBXGroup;
			children = (
				B24264F02C41425C00DE8F47 /* AppCoordinatorTests.swift */,
				B24264EE2C40834500DE8F47 /* LocalStorageServiceTests.swift */,
				B24264D42C3F1D9700DE8F47 /* MovieDBServiceTests.swift */,
				B24264EC2C40808D00DE8F47 /* MovieDetailsViewModelTests.swift */,
				B24264EA2C40622900DE8F47 /* MovieListViewModelTests.swift */,
			);
			path = MovieDBTests;
			sourceTree = "<group>";
		};
		B24264A32C3EE3D300DE8F47 /* MovieDBUITests */ = {
			isa = PBXGroup;
			children = (
				B24264A42C3EE3D300DE8F47 /* MovieDBUITests.swift */,
				B24264A62C3EE3D300DE8F47 /* MovieDBUITestsLaunchTests.swift */,
			);
			path = MovieDBUITests;
			sourceTree = "<group>";
		};
		B24264B72C3EEB3000DE8F47 /* Modules */ = {
			isa = PBXGroup;
			children = (
				B24264B82C3EEB5B00DE8F47 /* Extensions */,
				B24264BD2C3EEE1500DE8F47 /* Model */,
				B24264D12C3F16DC00DE8F47 /* Protocols */,
				B24264B92C3EEB7800DE8F47 /* Services */,
				B24264C52C3EF34700DE8F47 /* View */,
				B24264C42C3EF1BF00DE8F47 /* ViewModel */,
			);
			path = Modules;
			sourceTree = "<group>";
		};
		B24264B82C3EEB5B00DE8F47 /* Extensions */ = {
			isa = PBXGroup;
			children = (
				B24264C22C3EF17C00DE8F47 /* Storyboardable.swift */,
			);
			path = Extensions;
			sourceTree = "<group>";
		};
		B24264B92C3EEB7800DE8F47 /* Services */ = {
			isa = PBXGroup;
			children = (
				B24264E32C400D4500DE8F47 /* API */,
				B24264BE2C3EEEB700DE8F47 /* MovieDBService.swift */,
				B24264E42C400DA800DE8F47 /* LocalStorageService.swift */,
			);
			path = Services;
			sourceTree = "<group>";
		};
		B24264BA2C3EEB9C00DE8F47 /* Core */ = {
			isa = PBXGroup;
			children = (
				B24264832C3EE3D200DE8F47 /* AppDelegate.swift */,
				B24264BB2C3EEDED00DE8F47 /* AppCoordinator.swift */,
				B242648C2C3EE3D300DE8F47 /* Assets.xcassets */,
				B242648E2C3EE3D300DE8F47 /* LaunchScreen.storyboard */,
			);
			path = Core;
			sourceTree = "<group>";
		};
		B24264BD2C3EEE1500DE8F47 /* Model */ = {
			isa = PBXGroup;
			children = (
				B24264C02C3EF04A00DE8F47 /* Movie.swift */,
				B24264E62C4020B700DE8F47 /* MovieModel.swift */,
				B24264D62C3F201000DE8F47 /* MoviesResponse.swift */,
			);
			path = Model;
			sourceTree = "<group>";
		};
		B24264C42C3EF1BF00DE8F47 /* ViewModel */ = {
			isa = PBXGroup;
			children = (
				B24264CA2C3EF47300DE8F47 /* MovieListViewModel.swift */,
				B24264DE2C3FEBE900DE8F47 /* MovieDetailsViewModel.swift */,
			);
			path = ViewModel;
			sourceTree = "<group>";
		};
		B24264C52C3EF34700DE8F47 /* View */ = {
			isa = PBXGroup;
			children = (
				B24264D92C3FE30F00DE8F47 /* MovieDetails */,
				B24264D82C3FE1FC00DE8F47 /* MovieList */,
			);
			path = View;
			sourceTree = "<group>";
		};
		B24264D12C3F16DC00DE8F47 /* Protocols */ = {
			isa = PBXGroup;
			children = (
				B24264D22C3F16F000DE8F47 /* Coordinator.swift */,
			);
			path = Protocols;
			sourceTree = "<group>";
		};
		B24264D82C3FE1FC00DE8F47 /* MovieList */ = {
			isa = PBXGroup;
			children = (
				B24264C62C3EF38600DE8F47 /* MovieListViewController.storyboard */,
				B24264C82C3EF3CB00DE8F47 /* MovieListViewController.swift */,
				B24264CC2C3EFE0800DE8F47 /* MovieListCollectionViewCell.swift */,
				B24264E82C40366500DE8F47 /* MovieListViewController+ResultsUpdate.swift */,
			);
			path = MovieList;
			sourceTree = "<group>";
		};
		B24264D92C3FE30F00DE8F47 /* MovieDetails */ = {
			isa = PBXGroup;
			children = (
				B24264DA2C3FE49600DE8F47 /* MovieDetailsViewController.storyboard */,
				B24264DC2C3FE4AE00DE8F47 /* MovieDetailsViewController.swift */,
			);
			path = MovieDetails;
			sourceTree = "<group>";
		};
		B24264E32C400D4500DE8F47 /* API */ = {
			isa = PBXGroup;
			children = (
				B24264CF2C3F001500DE8F47 /* TMDBEndpoint.swift */,
			);
			path = API;
			sourceTree = "<group>";
		};
/* End PBXGroup section */

/* Begin PBXNativeTarget section */
		B242647F2C3EE3D200DE8F47 /* MovieDB */ = {
			isa = PBXNativeTarget;
			buildConfigurationList = B24264AA2C3EE3D300DE8F47 /* Build configuration list for PBXNativeTarget "MovieDB" */;
			buildPhases = (
				B242647C2C3EE3D200DE8F47 /* Sources */,
				B242647D2C3EE3D200DE8F47 /* Frameworks */,
				B242647E2C3EE3D200DE8F47 /* Resources */,
			);
			buildRules = (
			);
			dependencies = (
			);
			name = MovieDB;
			packageProductDependencies = (
				B24264B52C3EE47100DE8F47 /* Swinject */,
				B24264E12C3FF96100DE8F47 /* SDWebImage */,
			);
			productName = MovieDB;
			productReference = B24264802C3EE3D200DE8F47 /* MovieDB.app */;
			productType = "com.apple.product-type.application";
		};
		B24264952C3EE3D300DE8F47 /* MovieDBTests */ = {
			isa = PBXNativeTarget;
			buildConfigurationList = B24264AD2C3EE3D300DE8F47 /* Build configuration list for PBXNativeTarget "MovieDBTests" */;
			buildPhases = (
				B24264922C3EE3D300DE8F47 /* Sources */,
				B24264932C3EE3D300DE8F47 /* Frameworks */,
				B24264942C3EE3D300DE8F47 /* Resources */,
			);
			buildRules = (
			);
			dependencies = (
				B24264982C3EE3D300DE8F47 /* PBXTargetDependency */,
			);
			name = MovieDBTests;
			productName = MovieDBTests;
			productReference = B24264962C3EE3D300DE8F47 /* MovieDBTests.xctest */;
			productType = "com.apple.product-type.bundle.unit-test";
		};
		B242649F2C3EE3D300DE8F47 /* MovieDBUITests */ = {
			isa = PBXNativeTarget;
			buildConfigurationList = B24264B02C3EE3D300DE8F47 /* Build configuration list for PBXNativeTarget "MovieDBUITests" */;
			buildPhases = (
				B242649C2C3EE3D300DE8F47 /* Sources */,
				B242649D2C3EE3D300DE8F47 /* Frameworks */,
				B242649E2C3EE3D300DE8F47 /* Resources */,
			);
			buildRules = (
			);
			dependencies = (
				B24264A22C3EE3D300DE8F47 /* PBXTargetDependency */,
			);
			name = MovieDBUITests;
			productName = MovieDBUITests;
			productReference = B24264A02C3EE3D300DE8F47 /* MovieDBUITests.xctest */;
			productType = "com.apple.product-type.bundle.ui-testing";
		};
/* End PBXNativeTarget section */

/* Begin PBXProject section */
		B24264782C3EE3D200DE8F47 /* Project object */ = {
			isa = PBXProject;
			attributes = {
				BuildIndependentTargetsInParallel = 1;
				LastSwiftUpdateCheck = 1540;
				LastUpgradeCheck = 1540;
				TargetAttributes = {
					B242647F2C3EE3D200DE8F47 = {
						CreatedOnToolsVersion = 15.4;
					};
					B24264952C3EE3D300DE8F47 = {
						CreatedOnToolsVersion = 15.4;
						TestTargetID = B242647F2C3EE3D200DE8F47;
					};
					B242649F2C3EE3D300DE8F47 = {
						CreatedOnToolsVersion = 15.4;
						TestTargetID = B242647F2C3EE3D200DE8F47;
					};
				};
			};
			buildConfigurationList = B242647B2C3EE3D200DE8F47 /* Build configuration list for PBXProject "MovieDB" */;
			compatibilityVersion = "Xcode 14.0";
			developmentRegion = en;
			hasScannedForEncodings = 0;
			knownRegions = (
				en,
				Base,
			);
			mainGroup = B24264772C3EE3D200DE8F47;
			packageReferences = (
				B24264B42C3EE47100DE8F47 /* XCRemoteSwiftPackageReference "Swinject" */,
				B24264E02C3FF96100DE8F47 /* XCRemoteSwiftPackageReference "SDWebImage" */,
			);
			productRefGroup = B24264812C3EE3D200DE8F47 /* Products */;
			projectDirPath = "";
			projectRoot = "";
			targets = (
				B242647F2C3EE3D200DE8F47 /* MovieDB */,
				B24264952C3EE3D300DE8F47 /* MovieDBTests */,
				B242649F2C3EE3D300DE8F47 /* MovieDBUITests */,
			);
		};
/* End PBXProject section */

/* Begin PBXResourcesBuildPhase section */
		B242647E2C3EE3D200DE8F47 /* Resources */ = {
			isa = PBXResourcesBuildPhase;
			buildActionMask = 2147483647;
			files = (
				B24264C72C3EF38600DE8F47 /* MovieListViewController.storyboard in Resources */,
				B24264DB2C3FE49600DE8F47 /* MovieDetailsViewController.storyboard in Resources */,
				B242648D2C3EE3D300DE8F47 /* Assets.xcassets in Resources */,
				B24264902C3EE3D300DE8F47 /* Base in Resources */,
			);
			runOnlyForDeploymentPostprocessing = 0;
		};
		B24264942C3EE3D300DE8F47 /* Resources */ = {
			isa = PBXResourcesBuildPhase;
			buildActionMask = 2147483647;
			files = (
			);
			runOnlyForDeploymentPostprocessing = 0;
		};
		B242649E2C3EE3D300DE8F47 /* Resources */ = {
			isa = PBXResourcesBuildPhase;
			buildActionMask = 2147483647;
			files = (
			);
			runOnlyForDeploymentPostprocessing = 0;
		};
/* End PBXResourcesBuildPhase section */

/* Begin PBXSourcesBuildPhase section */
		B242647C2C3EE3D200DE8F47 /* Sources */ = {
			isa = PBXSourcesBuildPhase;
			buildActionMask = 2147483647;
			files = (
				B24264BC2C3EEDED00DE8F47 /* AppCoordinator.swift in Sources */,
				B24264E92C40366500DE8F47 /* MovieListViewController+ResultsUpdate.swift in Sources */,
				B24264BF2C3EEEB700DE8F47 /* MovieDBService.swift in Sources */,
				B24264D32C3F16F000DE8F47 /* Coordinator.swift in Sources */,
				B24264CB2C3EF47300DE8F47 /* MovieListViewModel.swift in Sources */,
				B24264842C3EE3D200DE8F47 /* AppDelegate.swift in Sources */,
				B24264D72C3F201000DE8F47 /* MoviesResponse.swift in Sources */,
				B24264C92C3EF3CB00DE8F47 /* MovieListViewController.swift in Sources */,
				B24264D02C3F001500DE8F47 /* TMDBEndpoint.swift in Sources */,
				B24264DF2C3FEBE900DE8F47 /* MovieDetailsViewModel.swift in Sources */,
				B24264DD2C3FE4AE00DE8F47 /* MovieDetailsViewController.swift in Sources */,
				B24264CD2C3EFE0800DE8F47 /* MovieListCollectionViewCell.swift in Sources */,
				B24264E52C400DA800DE8F47 /* LocalStorageService.swift in Sources */,
				B24264E72C4020B700DE8F47 /* MovieModel.swift in Sources */,
				B24264C32C3EF17C00DE8F47 /* Storyboardable.swift in Sources */,
				B24264C12C3EF04A00DE8F47 /* Movie.swift in Sources */,
			);
			runOnlyForDeploymentPostprocessing = 0;
		};
		B24264922C3EE3D300DE8F47 /* Sources */ = {
			isa = PBXSourcesBuildPhase;
			buildActionMask = 2147483647;
			files = (
				B24264F12C41425C00DE8F47 /* AppCoordinatorTests.swift in Sources */,
				B24264ED2C40808D00DE8F47 /* MovieDetailsViewModelTests.swift in Sources */,
				B24264EF2C40834500DE8F47 /* LocalStorageServiceTests.swift in Sources */,
				B24264D52C3F1D9700DE8F47 /* MovieDBServiceTests.swift in Sources */,
				B24264EB2C40622900DE8F47 /* MovieListViewModelTests.swift in Sources */,
			);
			runOnlyForDeploymentPostprocessing = 0;
		};
		B242649C2C3EE3D300DE8F47 /* Sources */ = {
			isa = PBXSourcesBuildPhase;
			buildActionMask = 2147483647;
			files = (
				B24264A52C3EE3D300DE8F47 /* MovieDBUITests.swift in Sources */,
				B24264A72C3EE3D300DE8F47 /* MovieDBUITestsLaunchTests.swift in Sources */,
			);
			runOnlyForDeploymentPostprocessing = 0;
		};
/* End PBXSourcesBuildPhase section */

/* Begin PBXTargetDependency section */
		B24264982C3EE3D300DE8F47 /* PBXTargetDependency */ = {
			isa = PBXTargetDependency;
			target = B242647F2C3EE3D200DE8F47 /* MovieDB */;
			targetProxy = B24264972C3EE3D300DE8F47 /* PBXContainerItemProxy */;
		};
		B24264A22C3EE3D300DE8F47 /* PBXTargetDependency */ = {
			isa = PBXTargetDependency;
			target = B242647F2C3EE3D200DE8F47 /* MovieDB */;
			targetProxy = B24264A12C3EE3D300DE8F47 /* PBXContainerItemProxy */;
		};
/* End PBXTargetDependency section */

/* Begin PBXVariantGroup section */
		B242648E2C3EE3D300DE8F47 /* LaunchScreen.storyboard */ = {
			isa = PBXVariantGroup;
			children = (
				B242648F2C3EE3D300DE8F47 /* Base */,
			);
			name = LaunchScreen.storyboard;
			sourceTree = "<group>";
		};
/* End PBXVariantGroup section */

/* Begin XCBuildConfiguration section */
		B24264A82C3EE3D300DE8F47 /* Debug */ = {
			isa = XCBuildConfiguration;
			buildSettings = {
				ALWAYS_SEARCH_USER_PATHS = NO;
				ASSETCATALOG_COMPILER_GENERATE_SWIFT_ASSET_SYMBOL_EXTENSIONS = YES;
				CLANG_ANALYZER_NONNULL = YES;
				CLANG_ANALYZER_NUMBER_OBJECT_CONVERSION = YES_AGGRESSIVE;
				CLANG_CXX_LANGUAGE_STANDARD = "gnu++20";
				CLANG_ENABLE_MODULES = YES;
				CLANG_ENABLE_OBJC_ARC = YES;
				CLANG_ENABLE_OBJC_WEAK = YES;
				CLANG_WARN_BLOCK_CAPTURE_AUTORELEASING = YES;
				CLANG_WARN_BOOL_CONVERSION = YES;
				CLANG_WARN_COMMA = YES;
				CLANG_WARN_CONSTANT_CONVERSION = YES;
				CLANG_WARN_DEPRECATED_OBJC_IMPLEMENTATIONS = YES;
				CLANG_WARN_DIRECT_OBJC_ISA_USAGE = YES_ERROR;
				CLANG_WARN_DOCUMENTATION_COMMENTS = YES;
				CLANG_WARN_EMPTY_BODY = YES;
				CLANG_WARN_ENUM_CONVERSION = YES;
				CLANG_WARN_INFINITE_RECURSION = YES;
				CLANG_WARN_INT_CONVERSION = YES;
				CLANG_WARN_NON_LITERAL_NULL_CONVERSION = YES;
				CLANG_WARN_OBJC_IMPLICIT_RETAIN_SELF = YES;
				CLANG_WARN_OBJC_LITERAL_CONVERSION = YES;
				CLANG_WARN_OBJC_ROOT_CLASS = YES_ERROR;
				CLANG_WARN_QUOTED_INCLUDE_IN_FRAMEWORK_HEADER = YES;
				CLANG_WARN_RANGE_LOOP_ANALYSIS = YES;
				CLANG_WARN_STRICT_PROTOTYPES = YES;
				CLANG_WARN_SUSPICIOUS_MOVE = YES;
				CLANG_WARN_UNGUARDED_AVAILABILITY = YES_AGGRESSIVE;
				CLANG_WARN_UNREACHABLE_CODE = YES;
				CLANG_WARN__DUPLICATE_METHOD_MATCH = YES;
				COPY_PHASE_STRIP = NO;
				DEBUG_INFORMATION_FORMAT = dwarf;
				ENABLE_STRICT_OBJC_MSGSEND = YES;
				ENABLE_TESTABILITY = YES;
				ENABLE_USER_SCRIPT_SANDBOXING = YES;
				GCC_C_LANGUAGE_STANDARD = gnu17;
				GCC_DYNAMIC_NO_PIC = NO;
				GCC_NO_COMMON_BLOCKS = YES;
				GCC_OPTIMIZATION_LEVEL = 0;
				GCC_PREPROCESSOR_DEFINITIONS = (
					"DEBUG=1",
					"$(inherited)",
				);
				GCC_WARN_64_TO_32_BIT_CONVERSION = YES;
				GCC_WARN_ABOUT_RETURN_TYPE = YES_ERROR;
				GCC_WARN_UNDECLARED_SELECTOR = YES;
				GCC_WARN_UNINITIALIZED_AUTOS = YES_AGGRESSIVE;
				GCC_WARN_UNUSED_FUNCTION = YES;
				GCC_WARN_UNUSED_VARIABLE = YES;
				IPHONEOS_DEPLOYMENT_TARGET = 17.5;
				LOCALIZATION_PREFERS_STRING_CATALOGS = YES;
				MTL_ENABLE_DEBUG_INFO = INCLUDE_SOURCE;
				MTL_FAST_MATH = YES;
				ONLY_ACTIVE_ARCH = YES;
				SDKROOT = iphoneos;
				SWIFT_ACTIVE_COMPILATION_CONDITIONS = "DEBUG $(inherited)";
				SWIFT_OPTIMIZATION_LEVEL = "-Onone";
			};
			name = Debug;
		};
		B24264A92C3EE3D300DE8F47 /* Release */ = {
			isa = XCBuildConfiguration;
			buildSettings = {
				ALWAYS_SEARCH_USER_PATHS = NO;
				ASSETCATALOG_COMPILER_GENERATE_SWIFT_ASSET_SYMBOL_EXTENSIONS = YES;
				CLANG_ANALYZER_NONNULL = YES;
				CLANG_ANALYZER_NUMBER_OBJECT_CONVERSION = YES_AGGRESSIVE;
				CLANG_CXX_LANGUAGE_STANDARD = "gnu++20";
				CLANG_ENABLE_MODULES = YES;
				CLANG_ENABLE_OBJC_ARC = YES;
				CLANG_ENABLE_OBJC_WEAK = YES;
				CLANG_WARN_BLOCK_CAPTURE_AUTORELEASING = YES;
				CLANG_WARN_BOOL_CONVERSION = YES;
				CLANG_WARN_COMMA = YES;
				CLANG_WARN_CONSTANT_CONVERSION = YES;
				CLANG_WARN_DEPRECATED_OBJC_IMPLEMENTATIONS = YES;
				CLANG_WARN_DIRECT_OBJC_ISA_USAGE = YES_ERROR;
				CLANG_WARN_DOCUMENTATION_COMMENTS = YES;
				CLANG_WARN_EMPTY_BODY = YES;
				CLANG_WARN_ENUM_CONVERSION = YES;
				CLANG_WARN_INFINITE_RECURSION = YES;
				CLANG_WARN_INT_CONVERSION = YES;
				CLANG_WARN_NON_LITERAL_NULL_CONVERSION = YES;
				CLANG_WARN_OBJC_IMPLICIT_RETAIN_SELF = YES;
				CLANG_WARN_OBJC_LITERAL_CONVERSION = YES;
				CLANG_WARN_OBJC_ROOT_CLASS = YES_ERROR;
				CLANG_WARN_QUOTED_INCLUDE_IN_FRAMEWORK_HEADER = YES;
				CLANG_WARN_RANGE_LOOP_ANALYSIS = YES;
				CLANG_WARN_STRICT_PROTOTYPES = YES;
				CLANG_WARN_SUSPICIOUS_MOVE = YES;
				CLANG_WARN_UNGUARDED_AVAILABILITY = YES_AGGRESSIVE;
				CLANG_WARN_UNREACHABLE_CODE = YES;
				CLANG_WARN__DUPLICATE_METHOD_MATCH = YES;
				COPY_PHASE_STRIP = NO;
				DEBUG_INFORMATION_FORMAT = "dwarf-with-dsym";
				ENABLE_NS_ASSERTIONS = NO;
				ENABLE_STRICT_OBJC_MSGSEND = YES;
				ENABLE_USER_SCRIPT_SANDBOXING = YES;
				GCC_C_LANGUAGE_STANDARD = gnu17;
				GCC_NO_COMMON_BLOCKS = YES;
				GCC_WARN_64_TO_32_BIT_CONVERSION = YES;
				GCC_WARN_ABOUT_RETURN_TYPE = YES_ERROR;
				GCC_WARN_UNDECLARED_SELECTOR = YES;
				GCC_WARN_UNINITIALIZED_AUTOS = YES_AGGRESSIVE;
				GCC_WARN_UNUSED_FUNCTION = YES;
				GCC_WARN_UNUSED_VARIABLE = YES;
				IPHONEOS_DEPLOYMENT_TARGET = 17.5;
				LOCALIZATION_PREFERS_STRING_CATALOGS = YES;
				MTL_ENABLE_DEBUG_INFO = NO;
				MTL_FAST_MATH = YES;
				SDKROOT = iphoneos;
				SWIFT_COMPILATION_MODE = wholemodule;
				VALIDATE_PRODUCT = YES;
			};
			name = Release;
		};
		B24264AB2C3EE3D300DE8F47 /* Debug */ = {
			isa = XCBuildConfiguration;
			buildSettings = {
				ASSETCATALOG_COMPILER_APPICON_NAME = AppIcon;
				ASSETCATALOG_COMPILER_GLOBAL_ACCENT_COLOR_NAME = AccentColor;
				CODE_SIGN_STYLE = Automatic;
				CURRENT_PROJECT_VERSION = 1;
				DEVELOPMENT_TEAM = Z729D9DEF5;
				GENERATE_INFOPLIST_FILE = YES;
				INFOPLIST_FILE = MovieDB/Info.plist;
				INFOPLIST_KEY_LSApplicationCategoryType = "public.app-category.entertainment";
				INFOPLIST_KEY_UIApplicationSupportsIndirectInputEvents = YES;
				INFOPLIST_KEY_UILaunchStoryboardName = LaunchScreen;
				INFOPLIST_KEY_UIMainStoryboardFile = "";
				INFOPLIST_KEY_UISupportedInterfaceOrientations_iPad = "UIInterfaceOrientationPortrait UIInterfaceOrientationPortraitUpsideDown UIInterfaceOrientationLandscapeLeft UIInterfaceOrientationLandscapeRight";
				INFOPLIST_KEY_UISupportedInterfaceOrientations_iPhone = "UIInterfaceOrientationPortrait UIInterfaceOrientationLandscapeLeft UIInterfaceOrientationLandscapeRight";
				IPHONEOS_DEPLOYMENT_TARGET = 15.0;
				LD_RUNPATH_SEARCH_PATHS = (
					"$(inherited)",
					"@executable_path/Frameworks",
				);
				MARKETING_VERSION = 1.0;
				PRODUCT_BUNDLE_IDENTIFIER = com.knapsoft.MovieDB;
				PRODUCT_NAME = "$(TARGET_NAME)";
				SWIFT_EMIT_LOC_STRINGS = YES;
				SWIFT_VERSION = 5.0;
				TARGETED_DEVICE_FAMILY = "1,2";
			};
			name = Debug;
		};
		B24264AC2C3EE3D300DE8F47 /* Release */ = {
			isa = XCBuildConfiguration;
			buildSettings = {
				ASSETCATALOG_COMPILER_APPICON_NAME = AppIcon;
				ASSETCATALOG_COMPILER_GLOBAL_ACCENT_COLOR_NAME = AccentColor;
				CODE_SIGN_STYLE = Automatic;
				CURRENT_PROJECT_VERSION = 1;
				DEVELOPMENT_TEAM = Z729D9DEF5;
				GENERATE_INFOPLIST_FILE = YES;
				INFOPLIST_FILE = MovieDB/Info.plist;
				INFOPLIST_KEY_LSApplicationCategoryType = "public.app-category.entertainment";
				INFOPLIST_KEY_UIApplicationSupportsIndirectInputEvents = YES;
				INFOPLIST_KEY_UILaunchStoryboardName = LaunchScreen;
				INFOPLIST_KEY_UIMainStoryboardFile = "";
				INFOPLIST_KEY_UISupportedInterfaceOrientations_iPad = "UIInterfaceOrientationPortrait UIInterfaceOrientationPortraitUpsideDown UIInterfaceOrientationLandscapeLeft UIInterfaceOrientationLandscapeRight";
				INFOPLIST_KEY_UISupportedInterfaceOrientations_iPhone = "UIInterfaceOrientationPortrait UIInterfaceOrientationLandscapeLeft UIInterfaceOrientationLandscapeRight";
				IPHONEOS_DEPLOYMENT_TARGET = 15.0;
				LD_RUNPATH_SEARCH_PATHS = (
					"$(inherited)",
					"@executable_path/Frameworks",
				);
				MARKETING_VERSION = 1.0;
				PRODUCT_BUNDLE_IDENTIFIER = com.knapsoft.MovieDB;
				PRODUCT_NAME = "$(TARGET_NAME)";
				SWIFT_EMIT_LOC_STRINGS = YES;
				SWIFT_VERSION = 5.0;
				TARGETED_DEVICE_FAMILY = "1,2";
			};
			name = Release;
		};
		B24264AE2C3EE3D300DE8F47 /* Debug */ = {
			isa = XCBuildConfiguration;
			buildSettings = {
				ALWAYS_EMBED_SWIFT_STANDARD_LIBRARIES = YES;
				BUNDLE_LOADER = "$(TEST_HOST)";
				CODE_SIGN_STYLE = Automatic;
				CURRENT_PROJECT_VERSION = 1;
				DEVELOPMENT_TEAM = Z729D9DEF5;
				GENERATE_INFOPLIST_FILE = YES;
				IPHONEOS_DEPLOYMENT_TARGET = 17.5;
				MARKETING_VERSION = 1.0;
				PRODUCT_BUNDLE_IDENTIFIER = com.knapsoft.MovieDBTests;
				PRODUCT_NAME = "$(TARGET_NAME)";
				SWIFT_EMIT_LOC_STRINGS = NO;
				SWIFT_VERSION = 5.0;
				TARGETED_DEVICE_FAMILY = "1,2";
				TEST_HOST = "$(BUILT_PRODUCTS_DIR)/MovieDB.app/$(BUNDLE_EXECUTABLE_FOLDER_PATH)/MovieDB";
			};
			name = Debug;
		};
		B24264AF2C3EE3D300DE8F47 /* Release */ = {
			isa = XCBuildConfiguration;
			buildSettings = {
				ALWAYS_EMBED_SWIFT_STANDARD_LIBRARIES = YES;
				BUNDLE_LOADER = "$(TEST_HOST)";
				CODE_SIGN_STYLE = Automatic;
				CURRENT_PROJECT_VERSION = 1;
				DEVELOPMENT_TEAM = Z729D9DEF5;
				GENERATE_INFOPLIST_FILE = YES;
				IPHONEOS_DEPLOYMENT_TARGET = 17.5;
				MARKETING_VERSION = 1.0;
				PRODUCT_BUNDLE_IDENTIFIER = com.knapsoft.MovieDBTests;
				PRODUCT_NAME = "$(TARGET_NAME)";
				SWIFT_EMIT_LOC_STRINGS = NO;
				SWIFT_VERSION = 5.0;
				TARGETED_DEVICE_FAMILY = "1,2";
				TEST_HOST = "$(BUILT_PRODUCTS_DIR)/MovieDB.app/$(BUNDLE_EXECUTABLE_FOLDER_PATH)/MovieDB";
			};
			name = Release;
		};
		B24264B12C3EE3D300DE8F47 /* Debug */ = {
			isa = XCBuildConfiguration;
			buildSettings = {
				ALWAYS_EMBED_SWIFT_STANDARD_LIBRARIES = YES;
				CODE_SIGN_STYLE = Automatic;
				CURRENT_PROJECT_VERSION = 1;
				DEVELOPMENT_TEAM = Z729D9DEF5;
				GENERATE_INFOPLIST_FILE = YES;
				MARKETING_VERSION = 1.0;
				PRODUCT_BUNDLE_IDENTIFIER = com.knapsoft.MovieDBUITests;
				PRODUCT_NAME = "$(TARGET_NAME)";
				SWIFT_EMIT_LOC_STRINGS = NO;
				SWIFT_VERSION = 5.0;
				TARGETED_DEVICE_FAMILY = "1,2";
				TEST_TARGET_NAME = MovieDB;
			};
			name = Debug;
		};
		B24264B22C3EE3D300DE8F47 /* Release */ = {
			isa = XCBuildConfiguration;
			buildSettings = {
				ALWAYS_EMBED_SWIFT_STANDARD_LIBRARIES = YES;
				CODE_SIGN_STYLE = Automatic;
				CURRENT_PROJECT_VERSION = 1;
				DEVELOPMENT_TEAM = Z729D9DEF5;
				GENERATE_INFOPLIST_FILE = YES;
				MARKETING_VERSION = 1.0;
				PRODUCT_BUNDLE_IDENTIFIER = com.knapsoft.MovieDBUITests;
				PRODUCT_NAME = "$(TARGET_NAME)";
				SWIFT_EMIT_LOC_STRINGS = NO;
				SWIFT_VERSION = 5.0;
				TARGETED_DEVICE_FAMILY = "1,2";
				TEST_TARGET_NAME = MovieDB;
			};
			name = Release;
		};
/* End XCBuildConfiguration section */

/* Begin XCConfigurationList section */
		B242647B2C3EE3D200DE8F47 /* Build configuration list for PBXProject "MovieDB" */ = {
			isa = XCConfigurationList;
			buildConfigurations = (
				B24264A82C3EE3D300DE8F47 /* Debug */,
				B24264A92C3EE3D300DE8F47 /* Release */,
			);
			defaultConfigurationIsVisible = 0;
			defaultConfigurationName = Release;
		};
		B24264AA2C3EE3D300DE8F47 /* Build configuration list for PBXNativeTarget "MovieDB" */ = {
			isa = XCConfigurationList;
			buildConfigurations = (
				B24264AB2C3EE3D300DE8F47 /* Debug */,
				B24264AC2C3EE3D300DE8F47 /* Release */,
			);
			defaultConfigurationIsVisible = 0;
			defaultConfigurationName = Release;
		};
		B24264AD2C3EE3D300DE8F47 /* Build configuration list for PBXNativeTarget "MovieDBTests" */ = {
			isa = XCConfigurationList;
			buildConfigurations = (
				B24264AE2C3EE3D300DE8F47 /* Debug */,
				B24264AF2C3EE3D300DE8F47 /* Release */,
			);
			defaultConfigurationIsVisible = 0;
			defaultConfigurationName = Release;
		};
		B24264B02C3EE3D300DE8F47 /* Build configuration list for PBXNativeTarget "MovieDBUITests" */ = {
			isa = XCConfigurationList;
			buildConfigurations = (
				B24264B12C3EE3D300DE8F47 /* Debug */,
				B24264B22C3EE3D300DE8F47 /* Release */,
			);
			defaultConfigurationIsVisible = 0;
			defaultConfigurationName = Release;
		};
/* End XCConfigurationList section */

/* Begin XCRemoteSwiftPackageReference section */
		B24264B42C3EE47100DE8F47 /* XCRemoteSwiftPackageReference "Swinject" */ = {
			isa = XCRemoteSwiftPackageReference;
			repositoryURL = "https://github.com/Swinject/Swinject.git";
			requirement = {
				kind = upToNextMajorVersion;
				minimumVersion = 2.9.1;
			};
		};
		B24264E02C3FF96100DE8F47 /* XCRemoteSwiftPackageReference "SDWebImage" */ = {
			isa = XCRemoteSwiftPackageReference;
			repositoryURL = "https://github.com/SDWebImage/SDWebImage.git";
			requirement = {
				kind = upToNextMajorVersion;
				minimumVersion = 5.19.4;
			};
		};
/* End XCRemoteSwiftPackageReference section */

/* Begin XCSwiftPackageProductDependency section */
		B24264B52C3EE47100DE8F47 /* Swinject */ = {
			isa = XCSwiftPackageProductDependency;
			package = B24264B42C3EE47100DE8F47 /* XCRemoteSwiftPackageReference "Swinject" */;
			productName = Swinject;
		};
		B24264E12C3FF96100DE8F47 /* SDWebImage */ = {
			isa = XCSwiftPackageProductDependency;
			package = B24264E02C3FF96100DE8F47 /* XCRemoteSwiftPackageReference "SDWebImage" */;
			productName = SDWebImage;
		};
/* End XCSwiftPackageProductDependency section */
	};
	rootObject = B24264782C3EE3D200DE8F47 /* Project object */;
}
